// !$*UTF8*$!
{
	archiveVersion = 1;
	classes = {
	};
	objectVersion = 46;
	objects = {

/* Begin PBXBuildFile section */
		6347FB6819B1551700A6DE6A /* LocationTracker.m in Sources */ = {isa = PBXBuildFile; fileRef = 6347FB6319B1551700A6DE6A /* LocationTracker.m */; };
		6347FB6919B1551700A6DE6A /* BackgroundTaskManager.m in Sources */ = {isa = PBXBuildFile; fileRef = 6347FB6519B1551700A6DE6A /* BackgroundTaskManager.m */; };
		6347FB6A19B1551700A6DE6A /* LocationShareModel.m in Sources */ = {isa = PBXBuildFile; fileRef = 6347FB6719B1551700A6DE6A /* LocationShareModel.m */; };
		63A8C14A19AE534000A3CA8D /* Foundation.framework in Frameworks */ = {isa = PBXBuildFile; fileRef = 63A8C14919AE534000A3CA8D /* Foundation.framework */; };
		63A8C14C19AE534000A3CA8D /* CoreGraphics.framework in Frameworks */ = {isa = PBXBuildFile; fileRef = 63A8C14B19AE534000A3CA8D /* CoreGraphics.framework */; };
		63A8C14E19AE534000A3CA8D /* UIKit.framework in Frameworks */ = {isa = PBXBuildFile; fileRef = 63A8C14D19AE534000A3CA8D /* UIKit.framework */; };
		63A8C15419AE534000A3CA8D /* InfoPlist.strings in Resources */ = {isa = PBXBuildFile; fileRef = 63A8C15219AE534000A3CA8D /* InfoPlist.strings */; };
		63A8C15619AE534000A3CA8D /* main.m in Sources */ = {isa = PBXBuildFile; fileRef = 63A8C15519AE534000A3CA8D /* main.m */; };
		63A8C15A19AE534000A3CA8D /* DJAppDelegate.m in Sources */ = {isa = PBXBuildFile; fileRef = 63A8C15919AE534000A3CA8D /* DJAppDelegate.m */; };
		63A8C15D19AE534000A3CA8D /* Main_iPhone.storyboard in Resources */ = {isa = PBXBuildFile; fileRef = 63A8C15B19AE534000A3CA8D /* Main_iPhone.storyboard */; };
		63A8C16019AE534000A3CA8D /* Main_iPad.storyboard in Resources */ = {isa = PBXBuildFile; fileRef = 63A8C15E19AE534000A3CA8D /* Main_iPad.storyboard */; };
		63A8C16319AE534000A3CA8D /* DJMainViewController.m in Sources */ = {isa = PBXBuildFile; fileRef = 63A8C16219AE534000A3CA8D /* DJMainViewController.m */; };
		63A8C16619AE534000A3CA8D /* DJFlipsideViewController.m in Sources */ = {isa = PBXBuildFile; fileRef = 63A8C16519AE534000A3CA8D /* DJFlipsideViewController.m */; };
		63A8C16819AE534000A3CA8D /* Images.xcassets in Resources */ = {isa = PBXBuildFile; fileRef = 63A8C16719AE534000A3CA8D /* Images.xcassets */; };
		63A8C16F19AE534000A3CA8D /* XCTest.framework in Frameworks */ = {isa = PBXBuildFile; fileRef = 63A8C16E19AE534000A3CA8D /* XCTest.framework */; };
		63A8C17019AE534000A3CA8D /* Foundation.framework in Frameworks */ = {isa = PBXBuildFile; fileRef = 63A8C14919AE534000A3CA8D /* Foundation.framework */; };
		63A8C17119AE534000A3CA8D /* UIKit.framework in Frameworks */ = {isa = PBXBuildFile; fileRef = 63A8C14D19AE534000A3CA8D /* UIKit.framework */; };
		63A8C17919AE534000A3CA8D /* InfoPlist.strings in Resources */ = {isa = PBXBuildFile; fileRef = 63A8C17719AE534000A3CA8D /* InfoPlist.strings */; };
		63A8C17B19AE534000A3CA8D /* EgoTests.m in Sources */ = {isa = PBXBuildFile; fileRef = 63A8C17A19AE534000A3CA8D /* EgoTests.m */; };
		EFB7675C2A574A468750C466 /* libPods.a in Frameworks */ = {isa = PBXBuildFile; fileRef = 3D8A349184634CB09080DCEA /* libPods.a */; };
/* End PBXBuildFile section */

/* Begin PBXContainerItemProxy section */
		63A8C17219AE534000A3CA8D /* PBXContainerItemProxy */ = {
			isa = PBXContainerItemProxy;
			containerPortal = 63A8C13E19AE534000A3CA8D /* Project object */;
			proxyType = 1;
			remoteGlobalIDString = 63A8C14519AE534000A3CA8D;
			remoteInfo = Ego;
		};
/* End PBXContainerItemProxy section */

/* Begin PBXFileReference section */
		08D16461DB3D436081948653 /* Pods.xcconfig */ = {isa = PBXFileReference; includeInIndex = 1; lastKnownFileType = text.xcconfig; name = Pods.xcconfig; path = Pods/Pods.xcconfig; sourceTree = "<group>"; };
		3D8A349184634CB09080DCEA /* libPods.a */ = {isa = PBXFileReference; explicitFileType = archive.ar; includeInIndex = 0; path = libPods.a; sourceTree = BUILT_PRODUCTS_DIR; };
		6347FB6219B1551700A6DE6A /* LocationTracker.h */ = {isa = PBXFileReference; fileEncoding = 4; lastKnownFileType = sourcecode.c.h; path = LocationTracker.h; sourceTree = "<group>"; };
		6347FB6319B1551700A6DE6A /* LocationTracker.m */ = {isa = PBXFileReference; fileEncoding = 4; lastKnownFileType = sourcecode.c.objc; path = LocationTracker.m; sourceTree = "<group>"; };
		6347FB6419B1551700A6DE6A /* BackgroundTaskManager.h */ = {isa = PBXFileReference; fileEncoding = 4; lastKnownFileType = sourcecode.c.h; path = BackgroundTaskManager.h; sourceTree = "<group>"; };
		6347FB6519B1551700A6DE6A /* BackgroundTaskManager.m */ = {isa = PBXFileReference; fileEncoding = 4; lastKnownFileType = sourcecode.c.objc; path = BackgroundTaskManager.m; sourceTree = "<group>"; };
		6347FB6619B1551700A6DE6A /* LocationShareModel.h */ = {isa = PBXFileReference; fileEncoding = 4; lastKnownFileType = sourcecode.c.h; path = LocationShareModel.h; sourceTree = "<group>"; };
		6347FB6719B1551700A6DE6A /* LocationShareModel.m */ = {isa = PBXFileReference; fileEncoding = 4; lastKnownFileType = sourcecode.c.objc; path = LocationShareModel.m; sourceTree = "<group>"; };
		63A8C14619AE534000A3CA8D /* Ego.app */ = {isa = PBXFileReference; explicitFileType = wrapper.application; includeInIndex = 0; path = Ego.app; sourceTree = BUILT_PRODUCTS_DIR; };
		63A8C14919AE534000A3CA8D /* Foundation.framework */ = {isa = PBXFileReference; lastKnownFileType = wrapper.framework; name = Foundation.framework; path = System/Library/Frameworks/Foundation.framework; sourceTree = SDKROOT; };
		63A8C14B19AE534000A3CA8D /* CoreGraphics.framework */ = {isa = PBXFileReference; lastKnownFileType = wrapper.framework; name = CoreGraphics.framework; path = System/Library/Frameworks/CoreGraphics.framework; sourceTree = SDKROOT; };
		63A8C14D19AE534000A3CA8D /* UIKit.framework */ = {isa = PBXFileReference; lastKnownFileType = wrapper.framework; name = UIKit.framework; path = System/Library/Frameworks/UIKit.framework; sourceTree = SDKROOT; };
		63A8C15119AE534000A3CA8D /* Ego-Info.plist */ = {isa = PBXFileReference; lastKnownFileType = text.plist.xml; path = "Ego-Info.plist"; sourceTree = "<group>"; };
		63A8C15319AE534000A3CA8D /* en */ = {isa = PBXFileReference; lastKnownFileType = text.plist.strings; name = en; path = en.lproj/InfoPlist.strings; sourceTree = "<group>"; };
		63A8C15519AE534000A3CA8D /* main.m */ = {isa = PBXFileReference; lastKnownFileType = sourcecode.c.objc; path = main.m; sourceTree = "<group>"; };
		63A8C15719AE534000A3CA8D /* Ego-Prefix.pch */ = {isa = PBXFileReference; lastKnownFileType = sourcecode.c.h; path = "Ego-Prefix.pch"; sourceTree = "<group>"; };
		63A8C15819AE534000A3CA8D /* DJAppDelegate.h */ = {isa = PBXFileReference; lastKnownFileType = sourcecode.c.h; path = DJAppDelegate.h; sourceTree = "<group>"; };
		63A8C15919AE534000A3CA8D /* DJAppDelegate.m */ = {isa = PBXFileReference; lastKnownFileType = sourcecode.c.objc; path = DJAppDelegate.m; sourceTree = "<group>"; };
		63A8C15C19AE534000A3CA8D /* Base */ = {isa = PBXFileReference; lastKnownFileType = file.storyboard; name = Base; path = Base.lproj/Main_iPhone.storyboard; sourceTree = "<group>"; };
		63A8C15F19AE534000A3CA8D /* Base */ = {isa = PBXFileReference; lastKnownFileType = file.storyboard; name = Base; path = Base.lproj/Main_iPad.storyboard; sourceTree = "<group>"; };
		63A8C16119AE534000A3CA8D /* DJMainViewController.h */ = {isa = PBXFileReference; lastKnownFileType = sourcecode.c.h; path = DJMainViewController.h; sourceTree = "<group>"; };
		63A8C16219AE534000A3CA8D /* DJMainViewController.m */ = {isa = PBXFileReference; lastKnownFileType = sourcecode.c.objc; path = DJMainViewController.m; sourceTree = "<group>"; };
		63A8C16419AE534000A3CA8D /* DJFlipsideViewController.h */ = {isa = PBXFileReference; lastKnownFileType = sourcecode.c.h; path = DJFlipsideViewController.h; sourceTree = "<group>"; };
		63A8C16519AE534000A3CA8D /* DJFlipsideViewController.m */ = {isa = PBXFileReference; lastKnownFileType = sourcecode.c.objc; path = DJFlipsideViewController.m; sourceTree = "<group>"; };
		63A8C16719AE534000A3CA8D /* Images.xcassets */ = {isa = PBXFileReference; lastKnownFileType = folder.assetcatalog; path = Images.xcassets; sourceTree = "<group>"; };
		63A8C16D19AE534000A3CA8D /* EgoTests.xctest */ = {isa = PBXFileReference; explicitFileType = wrapper.cfbundle; includeInIndex = 0; path = EgoTests.xctest; sourceTree = BUILT_PRODUCTS_DIR; };
		63A8C16E19AE534000A3CA8D /* XCTest.framework */ = {isa = PBXFileReference; lastKnownFileType = wrapper.framework; name = XCTest.framework; path = Library/Frameworks/XCTest.framework; sourceTree = DEVELOPER_DIR; };
		63A8C17619AE534000A3CA8D /* EgoTests-Info.plist */ = {isa = PBXFileReference; lastKnownFileType = text.plist.xml; path = "EgoTests-Info.plist"; sourceTree = "<group>"; };
		63A8C17819AE534000A3CA8D /* en */ = {isa = PBXFileReference; lastKnownFileType = text.plist.strings; name = en; path = en.lproj/InfoPlist.strings; sourceTree = "<group>"; };
		63A8C17A19AE534000A3CA8D /* EgoTests.m */ = {isa = PBXFileReference; lastKnownFileType = sourcecode.c.objc; path = EgoTests.m; sourceTree = "<group>"; };
/* End PBXFileReference section */

/* Begin PBXFrameworksBuildPhase section */
		63A8C14319AE534000A3CA8D /* Frameworks */ = {
			isa = PBXFrameworksBuildPhase;
			buildActionMask = 2147483647;
			files = (
				63A8C14C19AE534000A3CA8D /* CoreGraphics.framework in Frameworks */,
				63A8C14E19AE534000A3CA8D /* UIKit.framework in Frameworks */,
				63A8C14A19AE534000A3CA8D /* Foundation.framework in Frameworks */,
				EFB7675C2A574A468750C466 /* libPods.a in Frameworks */,
			);
			runOnlyForDeploymentPostprocessing = 0;
		};
		63A8C16A19AE534000A3CA8D /* Frameworks */ = {
			isa = PBXFrameworksBuildPhase;
			buildActionMask = 2147483647;
			files = (
				63A8C16F19AE534000A3CA8D /* XCTest.framework in Frameworks */,
				63A8C17119AE534000A3CA8D /* UIKit.framework in Frameworks */,
				63A8C17019AE534000A3CA8D /* Foundation.framework in Frameworks */,
			);
			runOnlyForDeploymentPostprocessing = 0;
		};
/* End PBXFrameworksBuildPhase section */

/* Begin PBXGroup section */
		63A8C13D19AE534000A3CA8D = {
			isa = PBXGroup;
			children = (
				63A8C14F19AE534000A3CA8D /* Ego */,
				63A8C17419AE534000A3CA8D /* EgoTests */,
				63A8C14819AE534000A3CA8D /* Frameworks */,
				63A8C14719AE534000A3CA8D /* Products */,
				08D16461DB3D436081948653 /* Pods.xcconfig */,
			);
			sourceTree = "<group>";
		};
		63A8C14719AE534000A3CA8D /* Products */ = {
			isa = PBXGroup;
			children = (
				63A8C14619AE534000A3CA8D /* Ego.app */,
				63A8C16D19AE534000A3CA8D /* EgoTests.xctest */,
			);
			name = Products;
			sourceTree = "<group>";
		};
		63A8C14819AE534000A3CA8D /* Frameworks */ = {
			isa = PBXGroup;
			children = (
				63A8C14919AE534000A3CA8D /* Foundation.framework */,
				63A8C14B19AE534000A3CA8D /* CoreGraphics.framework */,
				63A8C14D19AE534000A3CA8D /* UIKit.framework */,
				63A8C16E19AE534000A3CA8D /* XCTest.framework */,
				3D8A349184634CB09080DCEA /* libPods.a */,
			);
			name = Frameworks;
			sourceTree = "<group>";
		};
		63A8C14F19AE534000A3CA8D /* Ego */ = {
			isa = PBXGroup;
			children = (
				63A8C15819AE534000A3CA8D /* DJAppDelegate.h */,
				63A8C15919AE534000A3CA8D /* DJAppDelegate.m */,
				63A8C15B19AE534000A3CA8D /* Main_iPhone.storyboard */,
				63A8C15E19AE534000A3CA8D /* Main_iPad.storyboard */,
				63A8C16119AE534000A3CA8D /* DJMainViewController.h */,
				63A8C16219AE534000A3CA8D /* DJMainViewController.m */,
				63A8C16419AE534000A3CA8D /* DJFlipsideViewController.h */,
				63A8C16519AE534000A3CA8D /* DJFlipsideViewController.m */,
				6347FB6219B1551700A6DE6A /* LocationTracker.h */,
				6347FB6319B1551700A6DE6A /* LocationTracker.m */,
				6347FB6419B1551700A6DE6A /* BackgroundTaskManager.h */,
				6347FB6519B1551700A6DE6A /* BackgroundTaskManager.m */,
				6347FB6619B1551700A6DE6A /* LocationShareModel.h */,
				6347FB6719B1551700A6DE6A /* LocationShareModel.m */,
				63A8C16719AE534000A3CA8D /* Images.xcassets */,
				63A8C15019AE534000A3CA8D /* Supporting Files */,
			);
			path = Ego;
			sourceTree = "<group>";
		};
		63A8C15019AE534000A3CA8D /* Supporting Files */ = {
			isa = PBXGroup;
			children = (
				63A8C15119AE534000A3CA8D /* Ego-Info.plist */,
				63A8C15219AE534000A3CA8D /* InfoPlist.strings */,
				63A8C15519AE534000A3CA8D /* main.m */,
				63A8C15719AE534000A3CA8D /* Ego-Prefix.pch */,
			);
			name = "Supporting Files";
			sourceTree = "<group>";
		};
		63A8C17419AE534000A3CA8D /* EgoTests */ = {
			isa = PBXGroup;
			children = (
				63A8C17A19AE534000A3CA8D /* EgoTests.m */,
				63A8C17519AE534000A3CA8D /* Supporting Files */,
			);
			path = EgoTests;
			sourceTree = "<group>";
		};
		63A8C17519AE534000A3CA8D /* Supporting Files */ = {
			isa = PBXGroup;
			children = (
				63A8C17619AE534000A3CA8D /* EgoTests-Info.plist */,
				63A8C17719AE534000A3CA8D /* InfoPlist.strings */,
			);
			name = "Supporting Files";
			sourceTree = "<group>";
		};
/* End PBXGroup section */

/* Begin PBXNativeTarget section */
		63A8C14519AE534000A3CA8D /* Ego */ = {
			isa = PBXNativeTarget;
			buildConfigurationList = 63A8C17E19AE534000A3CA8D /* Build configuration list for PBXNativeTarget "Ego" */;
			buildPhases = (
				E58E955543A34AC4BAF5727F /* Check Pods Manifest.lock */,
				63A8C14219AE534000A3CA8D /* Sources */,
				63A8C14319AE534000A3CA8D /* Frameworks */,
				63A8C14419AE534000A3CA8D /* Resources */,
				AF6860B828194E10AB4B6599 /* Copy Pods Resources */,
			);
			buildRules = (
			);
			dependencies = (
			);
			name = Ego;
			productName = Ego;
			productReference = 63A8C14619AE534000A3CA8D /* Ego.app */;
			productType = "com.apple.product-type.application";
		};
		63A8C16C19AE534000A3CA8D /* EgoTests */ = {
			isa = PBXNativeTarget;
			buildConfigurationList = 63A8C18119AE534000A3CA8D /* Build configuration list for PBXNativeTarget "EgoTests" */;
			buildPhases = (
				63A8C16919AE534000A3CA8D /* Sources */,
				63A8C16A19AE534000A3CA8D /* Frameworks */,
				63A8C16B19AE534000A3CA8D /* Resources */,
			);
			buildRules = (
			);
			dependencies = (
				63A8C17319AE534000A3CA8D /* PBXTargetDependency */,
			);
			name = EgoTests;
			productName = EgoTests;
			productReference = 63A8C16D19AE534000A3CA8D /* EgoTests.xctest */;
			productType = "com.apple.product-type.bundle.unit-test";
		};
/* End PBXNativeTarget section */

/* Begin PBXProject section */
		63A8C13E19AE534000A3CA8D /* Project object */ = {
			isa = PBXProject;
			attributes = {
				CLASSPREFIX = DJ;
				LastUpgradeCheck = 0510;
				ORGANIZATIONNAME = "David Joerg";
				TargetAttributes = {
					63A8C14519AE534000A3CA8D = {
						DevelopmentTeam = H52RF6XN3T;
						SystemCapabilities = {
							com.apple.BackgroundModes = {
								enabled = 1;
							};
						};
					};
					63A8C16C19AE534000A3CA8D = {
						TestTargetID = 63A8C14519AE534000A3CA8D;
					};
				};
			};
			buildConfigurationList = 63A8C14119AE534000A3CA8D /* Build configuration list for PBXProject "Ego" */;
			compatibilityVersion = "Xcode 3.2";
			developmentRegion = English;
			hasScannedForEncodings = 0;
			knownRegions = (
				en,
				Base,
			);
			mainGroup = 63A8C13D19AE534000A3CA8D;
			productRefGroup = 63A8C14719AE534000A3CA8D /* Products */;
			projectDirPath = "";
			projectRoot = "";
			targets = (
				63A8C14519AE534000A3CA8D /* Ego */,
				63A8C16C19AE534000A3CA8D /* EgoTests */,
			);
		};
/* End PBXProject section */

/* Begin PBXResourcesBuildPhase section */
		63A8C14419AE534000A3CA8D /* Resources */ = {
			isa = PBXResourcesBuildPhase;
			buildActionMask = 2147483647;
			files = (
				63A8C16019AE534000A3CA8D /* Main_iPad.storyboard in Resources */,
				63A8C16819AE534000A3CA8D /* Images.xcassets in Resources */,
				63A8C15D19AE534000A3CA8D /* Main_iPhone.storyboard in Resources */,
				63A8C15419AE534000A3CA8D /* InfoPlist.strings in Resources */,
			);
			runOnlyForDeploymentPostprocessing = 0;
		};
		63A8C16B19AE534000A3CA8D /* Resources */ = {
			isa = PBXResourcesBuildPhase;
			buildActionMask = 2147483647;
			files = (
				63A8C17919AE534000A3CA8D /* InfoPlist.strings in Resources */,
			);
			runOnlyForDeploymentPostprocessing = 0;
		};
/* End PBXResourcesBuildPhase section */

/* Begin PBXShellScriptBuildPhase section */
		AF6860B828194E10AB4B6599 /* Copy Pods Resources */ = {
			isa = PBXShellScriptBuildPhase;
			buildActionMask = 2147483647;
			files = (
			);
			inputPaths = (
			);
			name = "Copy Pods Resources";
			outputPaths = (
			);
			runOnlyForDeploymentPostprocessing = 0;
			shellPath = /bin/sh;
			shellScript = "\"${SRCROOT}/Pods/Pods-resources.sh\"\n";
			showEnvVarsInLog = 0;
		};
		E58E955543A34AC4BAF5727F /* Check Pods Manifest.lock */ = {
			isa = PBXShellScriptBuildPhase;
			buildActionMask = 2147483647;
			files = (
			);
			inputPaths = (
			);
			name = "Check Pods Manifest.lock";
			outputPaths = (
			);
			runOnlyForDeploymentPostprocessing = 0;
			shellPath = /bin/sh;
			shellScript = "diff \"${PODS_ROOT}/../Podfile.lock\" \"${PODS_ROOT}/Manifest.lock\" > /dev/null\nif [[ $? != 0 ]] ; then\n    cat << EOM\nerror: The sandbox is not in sync with the Podfile.lock. Run 'pod install' or update your CocoaPods installation.\nEOM\n    exit 1\nfi\n";
			showEnvVarsInLog = 0;
		};
/* End PBXShellScriptBuildPhase section */

/* Begin PBXSourcesBuildPhase section */
		63A8C14219AE534000A3CA8D /* Sources */ = {
			isa = PBXSourcesBuildPhase;
			buildActionMask = 2147483647;
			files = (
				63A8C15A19AE534000A3CA8D /* DJAppDelegate.m in Sources */,
				63A8C15619AE534000A3CA8D /* main.m in Sources */,
				63A8C16619AE534000A3CA8D /* DJFlipsideViewController.m in Sources */,
				6347FB6819B1551700A6DE6A /* LocationTracker.m in Sources */,
				6347FB6919B1551700A6DE6A /* BackgroundTaskManager.m in Sources */,
				6347FB6A19B1551700A6DE6A /* LocationShareModel.m in Sources */,
				63A8C16319AE534000A3CA8D /* DJMainViewController.m in Sources */,
			);
			runOnlyForDeploymentPostprocessing = 0;
		};
		63A8C16919AE534000A3CA8D /* Sources */ = {
			isa = PBXSourcesBuildPhase;
			buildActionMask = 2147483647;
			files = (
				63A8C17B19AE534000A3CA8D /* EgoTests.m in Sources */,
			);
			runOnlyForDeploymentPostprocessing = 0;
		};
/* End PBXSourcesBuildPhase section */

/* Begin PBXTargetDependency section */
		63A8C17319AE534000A3CA8D /* PBXTargetDependency */ = {
			isa = PBXTargetDependency;
			target = 63A8C14519AE534000A3CA8D /* Ego */;
			targetProxy = 63A8C17219AE534000A3CA8D /* PBXContainerItemProxy */;
		};
/* End PBXTargetDependency section */

/* Begin PBXVariantGroup section */
		63A8C15219AE534000A3CA8D /* InfoPlist.strings */ = {
			isa = PBXVariantGroup;
			children = (
				63A8C15319AE534000A3CA8D /* en */,
			);
			name = InfoPlist.strings;
			sourceTree = "<group>";
		};
		63A8C15B19AE534000A3CA8D /* Main_iPhone.storyboard */ = {
			isa = PBXVariantGroup;
			children = (
				63A8C15C19AE534000A3CA8D /* Base */,
			);
			name = Main_iPhone.storyboard;
			sourceTree = "<group>";
		};
		63A8C15E19AE534000A3CA8D /* Main_iPad.storyboard */ = {
			isa = PBXVariantGroup;
			children = (
				63A8C15F19AE534000A3CA8D /* Base */,
			);
			name = Main_iPad.storyboard;
			sourceTree = "<group>";
		};
		63A8C17719AE534000A3CA8D /* InfoPlist.strings */ = {
			isa = PBXVariantGroup;
			children = (
				63A8C17819AE534000A3CA8D /* en */,
			);
			name = InfoPlist.strings;
			sourceTree = "<group>";
		};
/* End PBXVariantGroup section */

/* Begin XCBuildConfiguration section */
		63A8C17C19AE534000A3CA8D /* Debug */ = {
			isa = XCBuildConfiguration;
			buildSettings = {
				ALWAYS_SEARCH_USER_PATHS = NO;
				CLANG_CXX_LANGUAGE_STANDARD = "gnu++0x";
				CLANG_CXX_LIBRARY = "libc++";
				CLANG_ENABLE_MODULES = YES;
				CLANG_ENABLE_OBJC_ARC = YES;
				CLANG_WARN_BOOL_CONVERSION = YES;
				CLANG_WARN_CONSTANT_CONVERSION = YES;
				CLANG_WARN_DIRECT_OBJC_ISA_USAGE = YES_ERROR;
				CLANG_WARN_EMPTY_BODY = YES;
				CLANG_WARN_ENUM_CONVERSION = YES;
				CLANG_WARN_INT_CONVERSION = YES;
				CLANG_WARN_OBJC_ROOT_CLASS = YES_ERROR;
				CLANG_WARN__DUPLICATE_METHOD_MATCH = YES;
				"CODE_SIGN_IDENTITY[sdk=iphoneos*]" = "iPhone Developer";
				COPY_PHASE_STRIP = NO;
				GCC_C_LANGUAGE_STANDARD = gnu99;
				GCC_DYNAMIC_NO_PIC = NO;
				GCC_OPTIMIZATION_LEVEL = 0;
				GCC_PREPROCESSOR_DEFINITIONS = (
					"DEBUG=1",
					"$(inherited)",
				);
				GCC_SYMBOLS_PRIVATE_EXTERN = NO;
				GCC_WARN_64_TO_32_BIT_CONVERSION = YES;
				GCC_WARN_ABOUT_RETURN_TYPE = YES_ERROR;
				GCC_WARN_UNDECLARED_SELECTOR = YES;
				GCC_WARN_UNINITIALIZED_AUTOS = YES_AGGRESSIVE;
				GCC_WARN_UNUSED_FUNCTION = YES;
				GCC_WARN_UNUSED_VARIABLE = YES;
				IPHONEOS_DEPLOYMENT_TARGET = 7.1;
				ONLY_ACTIVE_ARCH = YES;
				SDKROOT = iphoneos;
				TARGETED_DEVICE_FAMILY = "1,2";
			};
			name = Debug;
		};
		63A8C17D19AE534000A3CA8D /* Release */ = {
			isa = XCBuildConfiguration;
			buildSettings = {
				ALWAYS_SEARCH_USER_PATHS = NO;
				CLANG_CXX_LANGUAGE_STANDARD = "gnu++0x";
				CLANG_CXX_LIBRARY = "libc++";
				CLANG_ENABLE_MODULES = YES;
				CLANG_ENABLE_OBJC_ARC = YES;
				CLANG_WARN_BOOL_CONVERSION = YES;
				CLANG_WARN_CONSTANT_CONVERSION = YES;
				CLANG_WARN_DIRECT_OBJC_ISA_USAGE = YES_ERROR;
				CLANG_WARN_EMPTY_BODY = YES;
				CLANG_WARN_ENUM_CONVERSION = YES;
				CLANG_WARN_INT_CONVERSION = YES;
				CLANG_WARN_OBJC_ROOT_CLASS = YES_ERROR;
				CLANG_WARN__DUPLICATE_METHOD_MATCH = YES;
				"CODE_SIGN_IDENTITY[sdk=iphoneos*]" = "iPhone Developer";
				COPY_PHASE_STRIP = YES;
				ENABLE_NS_ASSERTIONS = NO;
				GCC_C_LANGUAGE_STANDARD = gnu99;
				GCC_WARN_64_TO_32_BIT_CONVERSION = YES;
				GCC_WARN_ABOUT_RETURN_TYPE = YES_ERROR;
				GCC_WARN_UNDECLARED_SELECTOR = YES;
				GCC_WARN_UNINITIALIZED_AUTOS = YES_AGGRESSIVE;
				GCC_WARN_UNUSED_FUNCTION = YES;
				GCC_WARN_UNUSED_VARIABLE = YES;
				IPHONEOS_DEPLOYMENT_TARGET = 7.1;
				SDKROOT = iphoneos;
				TARGETED_DEVICE_FAMILY = "1,2";
				VALIDATE_PRODUCT = YES;
			};
			name = Release;
		};
		63A8C17F19AE534000A3CA8D /* Debug */ = {
			isa = XCBuildConfiguration;
			baseConfigurationReference = 08D16461DB3D436081948653 /* Pods.xcconfig */;
			buildSettings = {
				ASSETCATALOG_COMPILER_APPICON_NAME = AppIcon;
				ASSETCATALOG_COMPILER_LAUNCHIMAGE_NAME = LaunchImage;
				CODE_SIGN_IDENTITY = "iPhone Developer";
				"CODE_SIGN_IDENTITY[sdk=iphoneos*]" = "iPhone Developer";
				GCC_PRECOMPILE_PREFIX_HEADER = YES;
				GCC_PREFIX_HEADER = "Ego/Ego-Prefix.pch";
				INFOPLIST_FILE = "Ego/Ego-Info.plist";
				IPHONEOS_DEPLOYMENT_TARGET = 7.1;
				PRODUCT_NAME = "$(TARGET_NAME)";
				PROVISIONING_PROFILE = "";
				TARGETED_DEVICE_FAMILY = "1,2";
				WRAPPER_EXTENSION = app;
			};
			name = Debug;
		};
		63A8C18019AE534000A3CA8D /* Release */ = {
			isa = XCBuildConfiguration;
			baseConfigurationReference = 08D16461DB3D436081948653 /* Pods.xcconfig */;
			buildSettings = {
				ASSETCATALOG_COMPILER_APPICON_NAME = AppIcon;
				ASSETCATALOG_COMPILER_LAUNCHIMAGE_NAME = LaunchImage;
				CODE_SIGN_IDENTITY = "iPhone Developer";
				"CODE_SIGN_IDENTITY[sdk=iphoneos*]" = "iPhone Developer";
				GCC_PRECOMPILE_PREFIX_HEADER = YES;
				GCC_PREFIX_HEADER = "Ego/Ego-Prefix.pch";
				INFOPLIST_FILE = "Ego/Ego-Info.plist";
				IPHONEOS_DEPLOYMENT_TARGET = 7.1;
				PRODUCT_NAME = "$(TARGET_NAME)";
				PROVISIONING_PROFILE = "";
				TARGETED_DEVICE_FAMILY = "1,2";
				WRAPPER_EXTENSION = app;
			};
			name = Release;
		};
		63A8C18219AE534000A3CA8D /* Debug */ = {
			isa = XCBuildConfiguration;
			buildSettings = {
				BUNDLE_LOADER = "$(BUILT_PRODUCTS_DIR)/Ego.app/Ego";
				FRAMEWORK_SEARCH_PATHS = (
					"$(SDKROOT)/Developer/Library/Frameworks",
					"$(inherited)",
					"$(DEVELOPER_FRAMEWORKS_DIR)",
				);
				GCC_PRECOMPILE_PREFIX_HEADER = YES;
				GCC_PREFIX_HEADER = "Ego/Ego-Prefix.pch";
				GCC_PREPROCESSOR_DEFINITIONS = (
					"DEBUG=1",
					"$(inherited)",
				);
				INFOPLIST_FILE = "EgoTests/EgoTests-Info.plist";
				PRODUCT_NAME = "$(TARGET_NAME)";
				TEST_HOST = "$(BUNDLE_LOADER)";
				WRAPPER_EXTENSION = xctest;
			};
			name = Debug;
		};
		63A8C18319AE534000A3CA8D /* Release */ = {
			isa = XCBuildConfiguration;
			buildSettings = {
				BUNDLE_LOADER = "$(BUILT_PRODUCTS_DIR)/Ego.app/Ego";
				FRAMEWORK_SEARCH_PATHS = (
					"$(SDKROOT)/Developer/Library/Frameworks",
					"$(inherited)",
					"$(DEVELOPER_FRAMEWORKS_DIR)",
				);
				GCC_PRECOMPILE_PREFIX_HEADER = YES;
				GCC_PREFIX_HEADER = "Ego/Ego-Prefix.pch";
				INFOPLIST_FILE = "EgoTests/EgoTests-Info.plist";
				PRODUCT_NAME = "$(TARGET_NAME)";
				TEST_HOST = "$(BUNDLE_LOADER)";
				WRAPPER_EXTENSION = xctest;
			};
			name = Release;
		};
/* End XCBuildConfiguration section */

/* Begin XCConfigurationList section */
		63A8C14119AE534000A3CA8D /* Build configuration list for PBXProject "Ego" */ = {
			isa = XCConfigurationList;
			buildConfigurations = (
				63A8C17C19AE534000A3CA8D /* Debug */,
				63A8C17D19AE534000A3CA8D /* Release */,
			);
			defaultConfigurationIsVisible = 0;
			defaultConfigurationName = Release;
		};
		63A8C17E19AE534000A3CA8D /* Build configuration list for PBXNativeTarget "Ego" */ = {
			isa = XCConfigurationList;
			buildConfigurations = (
				63A8C17F19AE534000A3CA8D /* Debug */,
				63A8C18019AE534000A3CA8D /* Release */,
			);
			defaultConfigurationIsVisible = 0;
			defaultConfigurationName = Release;
		};
		63A8C18119AE534000A3CA8D /* Build configuration list for PBXNativeTarget "EgoTests" */ = {
			isa = XCConfigurationList;
			buildConfigurations = (
				63A8C18219AE534000A3CA8D /* Debug */,
				63A8C18319AE534000A3CA8D /* Release */,
			);
			defaultConfigurationIsVisible = 0;
			defaultConfigurationName = Release;
		};
/* End XCConfigurationList section */
	};
	rootObject = 63A8C13E19AE534000A3CA8D /* Project object */;
}
